{
  "name": "@w4ng3/tools",
  "version": "1.0.0",
  "lockfileVersion": 3,
  "requires": true,
  "packages": {
    "": {
      "name": "@w4ng3/tools",
      "version": "1.0.0",
      "license": "ISC",
      "dependencies": {
        "@w4ng3/tools": "file:"
      }
    },
    "node_modules/@w4ng3/tools": {
      "resolved": "",
      "link": true
    }
  }
}
